{
  "nodes": {
    "nixpkgs": {
      "locked": {
        "lastModified": 1713454477,
        "narHash": "sha256-+VpB+Dv1iofb+DG4vjGevjfsg8zwCFtgtwbskQ0AppU=",
        "owner": "nixos",
        "repo": "nixpkgs",
        "rev": "64eab7dfec3b4d37492619bffbc2167a5adf47fe",
        "type": "github"
      },
      "original": {
        "owner": "nixos",
        "ref": "gnome-46",
        "repo": "nixpkgs",
        "type": "github"
      }
    },
    "root": {
      "inputs": {
        "nixpkgs": "nixpkgs"
      }
    }
  },
  "root": "root",
  "version": 7
}
